<Solution>
  <Folder Name="/src/">
    <Project Path="src/Chisel.App/Chisel.App.csproj" />
    <Project Path="src/Chisel.Core/Chisel.Core.csproj" />
    <Project Path="src/Chisel.Infrastructure/Chisel.Infrastructure.csproj" />
  </Folder>
  <Folder Name="/tests/">
    <Project Path="tests/Chisel.Core.Tests/Chisel.Core.Tests.csproj" />
    <Project Path="tests/Chisel.Infrastructure.Tests/Chisel.Infrastructure.Tests.csproj" />
  </Folder>
</Solution>
